// !$*UTF8*$!
{
	archiveVersion = 1;
	classes = {
	};
	objectVersion = 46;
	objects = {

/* Begin PBXBuildFile section */
		E75CF31D1C904091006B8B23 /* LVPhoto.m in Sources */ = {isa = PBXBuildFile; fileRef = E75CF31C1C904091006B8B23 /* LVPhoto.m */; };
		E763721A1C8546970005C143 /* weibo__OCTests.m in Sources */ = {isa = PBXBuildFile; fileRef = E76372191C8546970005C143 /* weibo__OCTests.m */; };
		E76372251C8546970005C143 /* weibo__OCUITests.m in Sources */ = {isa = PBXBuildFile; fileRef = E76372241C8546970005C143 /* weibo__OCUITests.m */; };
		E77315111C943A690048D762 /* NSDate+Extension.m in Sources */ = {isa = PBXBuildFile; fileRef = E77315101C943A690048D762 /* NSDate+Extension.m */; };
		E77315141C945E1A0048D762 /* NSString+Extension.m in Sources */ = {isa = PBXBuildFile; fileRef = E77315131C945E1A0048D762 /* NSString+Extension.m */; };
		E77420D21C8E9805007E1F19 /* LVDiscoverViewController.m in Sources */ = {isa = PBXBuildFile; fileRef = E77420801C8E9805007E1F19 /* LVDiscoverViewController.m */; };
		E77420D31C8E9805007E1F19 /* LVHomeViewController.m in Sources */ = {isa = PBXBuildFile; fileRef = E77420861C8E9805007E1F19 /* LVHomeViewController.m */; };
		E77420D41C8E9805007E1F19 /* LVTitleMenuViewController.m in Sources */ = {isa = PBXBuildFile; fileRef = E77420881C8E9805007E1F19 /* LVTitleMenuViewController.m */; };
		E77420D51C8E9805007E1F19 /* LVTitleButton.m in Sources */ = {isa = PBXBuildFile; fileRef = E774208C1C8E9805007E1F19 /* LVTitleButton.m */; };
		E77420D71C8E9805007E1F19 /* LVTabBarController.m in Sources */ = {isa = PBXBuildFile; fileRef = E77420921C8E9805007E1F19 /* LVTabBarController.m */; };
		E77420D81C8E9805007E1F19 /* LVVNavgationController.m in Sources */ = {isa = PBXBuildFile; fileRef = E77420941C8E9805007E1F19 /* LVVNavgationController.m */; };
		E77420D91C8E9805007E1F19 /* LVDropdownMenu.m in Sources */ = {isa = PBXBuildFile; fileRef = E77420981C8E9805007E1F19 /* LVDropdownMenu.m */; };
		E77420DA1C8E9805007E1F19 /* LVSearchBar.m in Sources */ = {isa = PBXBuildFile; fileRef = E774209A1C8E9805007E1F19 /* LVSearchBar.m */; };
		E77420DB1C8E9805007E1F19 /* LVTabBar.m in Sources */ = {isa = PBXBuildFile; fileRef = E774209C1C8E9805007E1F19 /* LVTabBar.m */; };
		E77420DC1C8E9805007E1F19 /* LVMeViewController.m in Sources */ = {isa = PBXBuildFile; fileRef = E77420A01C8E9805007E1F19 /* LVMeViewController.m */; };
		E77420DD1C8E9805007E1F19 /* LVMessageViewController.m in Sources */ = {isa = PBXBuildFile; fileRef = E77420A61C8E9805007E1F19 /* LVMessageViewController.m */; };
		E77420DE1C8E9805007E1F19 /* LVNewFeatureController.m in Sources */ = {isa = PBXBuildFile; fileRef = E77420AC1C8E9805007E1F19 /* LVNewFeatureController.m */; };
		E77420DF1C8E9805007E1F19 /* LVOAuthController.m in Sources */ = {isa = PBXBuildFile; fileRef = E77420B21C8E9805007E1F19 /* LVOAuthController.m */; };
		E77420E01C8E9805007E1F19 /* LVAcount.m in Sources */ = {isa = PBXBuildFile; fileRef = E77420B51C8E9805007E1F19 /* LVAcount.m */; };
		E77420E11C8E9805007E1F19 /* LVAccountTool.m in Sources */ = {isa = PBXBuildFile; fileRef = E77420B81C8E9805007E1F19 /* LVAccountTool.m */; };
		E77420E21C8E9805007E1F19 /* UIBarButtonItem+item.m in Sources */ = {isa = PBXBuildFile; fileRef = E77420BE1C8E9805007E1F19 /* UIBarButtonItem+item.m */; };
		E77420E31C8E9805007E1F19 /* UIButton+ImageTitleSpacing.m in Sources */ = {isa = PBXBuildFile; fileRef = E77420C01C8E9805007E1F19 /* UIButton+ImageTitleSpacing.m */; };
		E77420E41C8E9805007E1F19 /* UIImage+Antialias.m in Sources */ = {isa = PBXBuildFile; fileRef = E77420C21C8E9805007E1F19 /* UIImage+Antialias.m */; };
		E77420E51C8E9805007E1F19 /* UIImage+XMG.m in Sources */ = {isa = PBXBuildFile; fileRef = E77420C41C8E9805007E1F19 /* UIImage+XMG.m */; };
		E77420E61C8E9805007E1F19 /* UITextField+Placeholder.m in Sources */ = {isa = PBXBuildFile; fileRef = E77420C61C8E9805007E1F19 /* UITextField+Placeholder.m */; };
		E77420E71C8E9805007E1F19 /* UIView+Frame.m in Sources */ = {isa = PBXBuildFile; fileRef = E77420C81C8E9805007E1F19 /* UIView+Frame.m */; };
		E77420E81C8E9805007E1F19 /* UIView+xib.m in Sources */ = {isa = PBXBuildFile; fileRef = E77420CA1C8E9805007E1F19 /* UIView+xib.m */; };
		E77420E91C8E9805007E1F19 /* UIWindow+Extension.m in Sources */ = {isa = PBXBuildFile; fileRef = E77420CC1C8E9805007E1F19 /* UIWindow+Extension.m */; };
		E77420EA1C8E9805007E1F19 /* main.m in Sources */ = {isa = PBXBuildFile; fileRef = E77420CD1C8E9805007E1F19 /* main.m */; };
		E77420EB1C8E9805007E1F19 /* LVtest1ViewController.m in Sources */ = {isa = PBXBuildFile; fileRef = E77420D01C8E9805007E1F19 /* LVtest1ViewController.m */; };
		E77420EC1C8E9805007E1F19 /* LVtest1ViewController.xib in Resources */ = {isa = PBXBuildFile; fileRef = E77420D11C8E9805007E1F19 /* LVtest1ViewController.xib */; };
		E77420EF1C8E984C007E1F19 /* AppDelegate.m in Sources */ = {isa = PBXBuildFile; fileRef = E77420EE1C8E984C007E1F19 /* AppDelegate.m */; };
		E77420F21C8E989D007E1F19 /* LVStatus.m in Sources */ = {isa = PBXBuildFile; fileRef = E77420F11C8E989D007E1F19 /* LVStatus.m */; };
		E77420F51C8E9A75007E1F19 /* LVUser.m in Sources */ = {isa = PBXBuildFile; fileRef = E77420F41C8E9A75007E1F19 /* LVUser.m */; };
		E79BE6BE1C8EEABD009B9ABC /* LVFooter.m in Sources */ = {isa = PBXBuildFile; fileRef = E79BE6BD1C8EEABD009B9ABC /* LVFooter.m */; };
		E79BE6C01C8EEB03009B9ABC /* LVFooter.xib in Resources */ = {isa = PBXBuildFile; fileRef = E79BE6BF1C8EEB03009B9ABC /* LVFooter.xib */; };
		E79BE6C31C8FEA12009B9ABC /* LVStatusCell.m in Sources */ = {isa = PBXBuildFile; fileRef = E79BE6C21C8FEA12009B9ABC /* LVStatusCell.m */; };
		E79BE6C61C8FF757009B9ABC /* LVStatusFrame.m in Sources */ = {isa = PBXBuildFile; fileRef = E79BE6C51C8FF757009B9ABC /* LVStatusFrame.m */; };
		E7F0BDE11C93FD6D00AB2C1E /* LVStatusToolBar.m in Sources */ = {isa = PBXBuildFile; fileRef = E7F0BDE01C93FD6D00AB2C1E /* LVStatusToolBar.m */; };
		E7FE748D1C89BF4900C37BF2 /* Assets.xcassets in Resources */ = {isa = PBXBuildFile; fileRef = E7FE748C1C89BF4900C37BF2 /* Assets.xcassets */; };
		EDECFDE0549BDB0626C7A8E4 /* libPods.a in Frameworks */ = {isa = PBXBuildFile; fileRef = EA6DB9011A5D7E2DF181C1E5 /* libPods.a */; };
/* End PBXBuildFile section */

/* Begin PBXContainerItemProxy section */
		E76372161C8546970005C143 /* PBXContainerItemProxy */ = {
			isa = PBXContainerItemProxy;
			containerPortal = E76371F41C8546970005C143 /* Project object */;
			proxyType = 1;
			remoteGlobalIDString = E76371FB1C8546970005C143;
			remoteInfo = "weibo -OC";
		};
		E76372211C8546970005C143 /* PBXContainerItemProxy */ = {
			isa = PBXContainerItemProxy;
			containerPortal = E76371F41C8546970005C143 /* Project object */;
			proxyType = 1;
			remoteGlobalIDString = E76371FB1C8546970005C143;
			remoteInfo = "weibo -OC";
		};
/* End PBXContainerItemProxy section */

/* Begin PBXFileReference section */
		3B6F8F4DBD284B6A4F092F52 /* Pods.release.xcconfig */ = {isa = PBXFileReference; includeInIndex = 1; lastKnownFileType = text.xcconfig; name = Pods.release.xcconfig; path = "Pods/Target Support Files/Pods/Pods.release.xcconfig"; sourceTree = "<group>"; };
		9A249DC7C470F9B89E557623 /* Pods.debug.xcconfig */ = {isa = PBXFileReference; includeInIndex = 1; lastKnownFileType = text.xcconfig; name = Pods.debug.xcconfig; path = "Pods/Target Support Files/Pods/Pods.debug.xcconfig"; sourceTree = "<group>"; };
		E75CF31B1C904091006B8B23 /* LVPhoto.h */ = {isa = PBXFileReference; fileEncoding = 4; lastKnownFileType = sourcecode.c.h; path = LVPhoto.h; sourceTree = "<group>"; };
		E75CF31C1C904091006B8B23 /* LVPhoto.m */ = {isa = PBXFileReference; fileEncoding = 4; lastKnownFileType = sourcecode.c.objc; path = LVPhoto.m; sourceTree = "<group>"; };
		E76371FC1C8546970005C143 /* weibo -OC.app */ = {isa = PBXFileReference; explicitFileType = wrapper.application; includeInIndex = 0; path = "weibo -OC.app"; sourceTree = BUILT_PRODUCTS_DIR; };
		E76372101C8546970005C143 /* Info.plist */ = {isa = PBXFileReference; lastKnownFileType = text.plist.xml; path = Info.plist; sourceTree = "<group>"; };
		E76372151C8546970005C143 /* weibo -OCTests.xctest */ = {isa = PBXFileReference; explicitFileType = wrapper.cfbundle; includeInIndex = 0; path = "weibo -OCTests.xctest"; sourceTree = BUILT_PRODUCTS_DIR; };
		E76372191C8546970005C143 /* weibo__OCTests.m */ = {isa = PBXFileReference; lastKnownFileType = sourcecode.c.objc; path = weibo__OCTests.m; sourceTree = "<group>"; };
		E763721B1C8546970005C143 /* Info.plist */ = {isa = PBXFileReference; lastKnownFileType = text.plist.xml; path = Info.plist; sourceTree = "<group>"; };
		E76372201C8546970005C143 /* weibo -OCUITests.xctest */ = {isa = PBXFileReference; explicitFileType = wrapper.cfbundle; includeInIndex = 0; path = "weibo -OCUITests.xctest"; sourceTree = BUILT_PRODUCTS_DIR; };
		E76372241C8546970005C143 /* weibo__OCUITests.m */ = {isa = PBXFileReference; lastKnownFileType = sourcecode.c.objc; path = weibo__OCUITests.m; sourceTree = "<group>"; };
		E76372261C8546970005C143 /* Info.plist */ = {isa = PBXFileReference; lastKnownFileType = text.plist.xml; path = Info.plist; sourceTree = "<group>"; };
		E773150F1C943A690048D762 /* NSDate+Extension.h */ = {isa = PBXFileReference; fileEncoding = 4; lastKnownFileType = sourcecode.c.h; path = "NSDate+Extension.h"; sourceTree = "<group>"; };
		E77315101C943A690048D762 /* NSDate+Extension.m */ = {isa = PBXFileReference; fileEncoding = 4; lastKnownFileType = sourcecode.c.objc; path = "NSDate+Extension.m"; sourceTree = "<group>"; };
		E77315121C945E1A0048D762 /* NSString+Extension.h */ = {isa = PBXFileReference; fileEncoding = 4; lastKnownFileType = sourcecode.c.h; path = "NSString+Extension.h"; sourceTree = "<group>"; };
		E77315131C945E1A0048D762 /* NSString+Extension.m */ = {isa = PBXFileReference; fileEncoding = 4; lastKnownFileType = sourcecode.c.objc; path = "NSString+Extension.m"; sourceTree = "<group>"; };
		E774207F1C8E9805007E1F19 /* LVDiscoverViewController.h */ = {isa = PBXFileReference; fileEncoding = 4; lastKnownFileType = sourcecode.c.h; path = LVDiscoverViewController.h; sourceTree = "<group>"; };
		E77420801C8E9805007E1F19 /* LVDiscoverViewController.m */ = {isa = PBXFileReference; fileEncoding = 4; lastKnownFileType = sourcecode.c.objc; path = LVDiscoverViewController.m; sourceTree = "<group>"; };
		E77420851C8E9805007E1F19 /* LVHomeViewController.h */ = {isa = PBXFileReference; fileEncoding = 4; lastKnownFileType = sourcecode.c.h; path = LVHomeViewController.h; sourceTree = "<group>"; };
		E77420861C8E9805007E1F19 /* LVHomeViewController.m */ = {isa = PBXFileReference; fileEncoding = 4; lastKnownFileType = sourcecode.c.objc; path = LVHomeViewController.m; sourceTree = "<group>"; };
		E77420871C8E9805007E1F19 /* LVTitleMenuViewController.h */ = {isa = PBXFileReference; fileEncoding = 4; lastKnownFileType = sourcecode.c.h; path = LVTitleMenuViewController.h; sourceTree = "<group>"; };
		E77420881C8E9805007E1F19 /* LVTitleMenuViewController.m */ = {isa = PBXFileReference; fileEncoding = 4; lastKnownFileType = sourcecode.c.objc; path = LVTitleMenuViewController.m; sourceTree = "<group>"; };
		E774208B1C8E9805007E1F19 /* LVTitleButton.h */ = {isa = PBXFileReference; fileEncoding = 4; lastKnownFileType = sourcecode.c.h; path = LVTitleButton.h; sourceTree = "<group>"; };
		E774208C1C8E9805007E1F19 /* LVTitleButton.m */ = {isa = PBXFileReference; fileEncoding = 4; lastKnownFileType = sourcecode.c.objc; path = LVTitleButton.m; sourceTree = "<group>"; };
		E77420911C8E9805007E1F19 /* LVTabBarController.h */ = {isa = PBXFileReference; fileEncoding = 4; lastKnownFileType = sourcecode.c.h; path = LVTabBarController.h; sourceTree = "<group>"; };
		E77420921C8E9805007E1F19 /* LVTabBarController.m */ = {isa = PBXFileReference; fileEncoding = 4; lastKnownFileType = sourcecode.c.objc; path = LVTabBarController.m; sourceTree = "<group>"; };
		E77420931C8E9805007E1F19 /* LVVNavgationController.h */ = {isa = PBXFileReference; fileEncoding = 4; lastKnownFileType = sourcecode.c.h; path = LVVNavgationController.h; sourceTree = "<group>"; };
		E77420941C8E9805007E1F19 /* LVVNavgationController.m */ = {isa = PBXFileReference; fileEncoding = 4; lastKnownFileType = sourcecode.c.objc; path = LVVNavgationController.m; sourceTree = "<group>"; };
		E77420971C8E9805007E1F19 /* LVDropdownMenu.h */ = {isa = PBXFileReference; fileEncoding = 4; lastKnownFileType = sourcecode.c.h; path = LVDropdownMenu.h; sourceTree = "<group>"; };
		E77420981C8E9805007E1F19 /* LVDropdownMenu.m */ = {isa = PBXFileReference; fileEncoding = 4; lastKnownFileType = sourcecode.c.objc; path = LVDropdownMenu.m; sourceTree = "<group>"; };
		E77420991C8E9805007E1F19 /* LVSearchBar.h */ = {isa = PBXFileReference; fileEncoding = 4; lastKnownFileType = sourcecode.c.h; path = LVSearchBar.h; sourceTree = "<group>"; };
		E774209A1C8E9805007E1F19 /* LVSearchBar.m */ = {isa = PBXFileReference; fileEncoding = 4; lastKnownFileType = sourcecode.c.objc; path = LVSearchBar.m; sourceTree = "<group>"; };
		E774209B1C8E9805007E1F19 /* LVTabBar.h */ = {isa = PBXFileReference; fileEncoding = 4; lastKnownFileType = sourcecode.c.h; path = LVTabBar.h; sourceTree = "<group>"; };
		E774209C1C8E9805007E1F19 /* LVTabBar.m */ = {isa = PBXFileReference; fileEncoding = 4; lastKnownFileType = sourcecode.c.objc; path = LVTabBar.m; sourceTree = "<group>"; };
		E774209F1C8E9805007E1F19 /* LVMeViewController.h */ = {isa = PBXFileReference; fileEncoding = 4; lastKnownFileType = sourcecode.c.h; path = LVMeViewController.h; sourceTree = "<group>"; };
		E77420A01C8E9805007E1F19 /* LVMeViewController.m */ = {isa = PBXFileReference; fileEncoding = 4; lastKnownFileType = sourcecode.c.objc; path = LVMeViewController.m; sourceTree = "<group>"; };
		E77420A51C8E9805007E1F19 /* LVMessageViewController.h */ = {isa = PBXFileReference; fileEncoding = 4; lastKnownFileType = sourcecode.c.h; path = LVMessageViewController.h; sourceTree = "<group>"; };
		E77420A61C8E9805007E1F19 /* LVMessageViewController.m */ = {isa = PBXFileReference; fileEncoding = 4; lastKnownFileType = sourcecode.c.objc; path = LVMessageViewController.m; sourceTree = "<group>"; };
		E77420AB1C8E9805007E1F19 /* LVNewFeatureController.h */ = {isa = PBXFileReference; fileEncoding = 4; lastKnownFileType = sourcecode.c.h; path = LVNewFeatureController.h; sourceTree = "<group>"; };
		E77420AC1C8E9805007E1F19 /* LVNewFeatureController.m */ = {isa = PBXFileReference; fileEncoding = 4; lastKnownFileType = sourcecode.c.objc; path = LVNewFeatureController.m; sourceTree = "<group>"; };
		E77420B11C8E9805007E1F19 /* LVOAuthController.h */ = {isa = PBXFileReference; fileEncoding = 4; lastKnownFileType = sourcecode.c.h; path = LVOAuthController.h; sourceTree = "<group>"; };
		E77420B21C8E9805007E1F19 /* LVOAuthController.m */ = {isa = PBXFileReference; fileEncoding = 4; lastKnownFileType = sourcecode.c.objc; path = LVOAuthController.m; sourceTree = "<group>"; };
		E77420B41C8E9805007E1F19 /* LVAcount.h */ = {isa = PBXFileReference; fileEncoding = 4; lastKnownFileType = sourcecode.c.h; path = LVAcount.h; sourceTree = "<group>"; };
		E77420B51C8E9805007E1F19 /* LVAcount.m */ = {isa = PBXFileReference; fileEncoding = 4; lastKnownFileType = sourcecode.c.objc; path = LVAcount.m; sourceTree = "<group>"; };
		E77420B71C8E9805007E1F19 /* LVAccountTool.h */ = {isa = PBXFileReference; fileEncoding = 4; lastKnownFileType = sourcecode.c.h; path = LVAccountTool.h; sourceTree = "<group>"; };
		E77420B81C8E9805007E1F19 /* LVAccountTool.m */ = {isa = PBXFileReference; fileEncoding = 4; lastKnownFileType = sourcecode.c.objc; path = LVAccountTool.m; sourceTree = "<group>"; };
		E77420BB1C8E9805007E1F19 /* BSBDJ.pch */ = {isa = PBXFileReference; fileEncoding = 4; lastKnownFileType = sourcecode.c.h; path = BSBDJ.pch; sourceTree = "<group>"; };
		E77420BD1C8E9805007E1F19 /* UIBarButtonItem+item.h */ = {isa = PBXFileReference; fileEncoding = 4; lastKnownFileType = sourcecode.c.h; path = "UIBarButtonItem+item.h"; sourceTree = "<group>"; };
		E77420BE1C8E9805007E1F19 /* UIBarButtonItem+item.m */ = {isa = PBXFileReference; fileEncoding = 4; lastKnownFileType = sourcecode.c.objc; path = "UIBarButtonItem+item.m"; sourceTree = "<group>"; };
		E77420BF1C8E9805007E1F19 /* UIButton+ImageTitleSpacing.h */ = {isa = PBXFileReference; fileEncoding = 4; lastKnownFileType = sourcecode.c.h; path = "UIButton+ImageTitleSpacing.h"; sourceTree = "<group>"; };
		E77420C01C8E9805007E1F19 /* UIButton+ImageTitleSpacing.m */ = {isa = PBXFileReference; fileEncoding = 4; lastKnownFileType = sourcecode.c.objc; path = "UIButton+ImageTitleSpacing.m"; sourceTree = "<group>"; };
		E77420C11C8E9805007E1F19 /* UIImage+Antialias.h */ = {isa = PBXFileReference; fileEncoding = 4; lastKnownFileType = sourcecode.c.h; path = "UIImage+Antialias.h"; sourceTree = "<group>"; };
		E77420C21C8E9805007E1F19 /* UIImage+Antialias.m */ = {isa = PBXFileReference; fileEncoding = 4; lastKnownFileType = sourcecode.c.objc; path = "UIImage+Antialias.m"; sourceTree = "<group>"; };
		E77420C31C8E9805007E1F19 /* UIImage+XMG.h */ = {isa = PBXFileReference; fileEncoding = 4; lastKnownFileType = sourcecode.c.h; path = "UIImage+XMG.h"; sourceTree = "<group>"; };
		E77420C41C8E9805007E1F19 /* UIImage+XMG.m */ = {isa = PBXFileReference; fileEncoding = 4; lastKnownFileType = sourcecode.c.objc; path = "UIImage+XMG.m"; sourceTree = "<group>"; };
		E77420C51C8E9805007E1F19 /* UITextField+Placeholder.h */ = {isa = PBXFileReference; fileEncoding = 4; lastKnownFileType = sourcecode.c.h; path = "UITextField+Placeholder.h"; sourceTree = "<group>"; };
		E77420C61C8E9805007E1F19 /* UITextField+Placeholder.m */ = {isa = PBXFileReference; fileEncoding = 4; lastKnownFileType = sourcecode.c.objc; path = "UITextField+Placeholder.m"; sourceTree = "<group>"; };
		E77420C71C8E9805007E1F19 /* UIView+Frame.h */ = {isa = PBXFileReference; fileEncoding = 4; lastKnownFileType = sourcecode.c.h; path = "UIView+Frame.h"; sourceTree = "<group>"; };
		E77420C81C8E9805007E1F19 /* UIView+Frame.m */ = {isa = PBXFileReference; fileEncoding = 4; lastKnownFileType = sourcecode.c.objc; path = "UIView+Frame.m"; sourceTree = "<group>"; };
		E77420C91C8E9805007E1F19 /* UIView+xib.h */ = {isa = PBXFileReference; fileEncoding = 4; lastKnownFileType = sourcecode.c.h; path = "UIView+xib.h"; sourceTree = "<group>"; };
		E77420CA1C8E9805007E1F19 /* UIView+xib.m */ = {isa = PBXFileReference; fileEncoding = 4; lastKnownFileType = sourcecode.c.objc; path = "UIView+xib.m"; sourceTree = "<group>"; };
		E77420CB1C8E9805007E1F19 /* UIWindow+Extension.h */ = {isa = PBXFileReference; fileEncoding = 4; lastKnownFileType = sourcecode.c.h; path = "UIWindow+Extension.h"; sourceTree = "<group>"; };
		E77420CC1C8E9805007E1F19 /* UIWindow+Extension.m */ = {isa = PBXFileReference; fileEncoding = 4; lastKnownFileType = sourcecode.c.objc; path = "UIWindow+Extension.m"; sourceTree = "<group>"; };
		E77420CD1C8E9805007E1F19 /* main.m */ = {isa = PBXFileReference; fileEncoding = 4; lastKnownFileType = sourcecode.c.objc; path = main.m; sourceTree = "<group>"; };
		E77420CF1C8E9805007E1F19 /* LVtest1ViewController.h */ = {isa = PBXFileReference; fileEncoding = 4; lastKnownFileType = sourcecode.c.h; path = LVtest1ViewController.h; sourceTree = "<group>"; };
		E77420D01C8E9805007E1F19 /* LVtest1ViewController.m */ = {isa = PBXFileReference; fileEncoding = 4; lastKnownFileType = sourcecode.c.objc; path = LVtest1ViewController.m; sourceTree = "<group>"; };
		E77420D11C8E9805007E1F19 /* LVtest1ViewController.xib */ = {isa = PBXFileReference; fileEncoding = 4; lastKnownFileType = file.xib; path = LVtest1ViewController.xib; sourceTree = "<group>"; };
		E77420ED1C8E984C007E1F19 /* AppDelegate.h */ = {isa = PBXFileReference; fileEncoding = 4; lastKnownFileType = sourcecode.c.h; path = AppDelegate.h; sourceTree = "<group>"; };
		E77420EE1C8E984C007E1F19 /* AppDelegate.m */ = {isa = PBXFileReference; fileEncoding = 4; lastKnownFileType = sourcecode.c.objc; path = AppDelegate.m; sourceTree = "<group>"; };
		E77420F01C8E989D007E1F19 /* LVStatus.h */ = {isa = PBXFileReference; fileEncoding = 4; lastKnownFileType = sourcecode.c.h; path = LVStatus.h; sourceTree = "<group>"; };
		E77420F11C8E989D007E1F19 /* LVStatus.m */ = {isa = PBXFileReference; fileEncoding = 4; lastKnownFileType = sourcecode.c.objc; path = LVStatus.m; sourceTree = "<group>"; };
		E77420F31C8E9A75007E1F19 /* LVUser.h */ = {isa = PBXFileReference; fileEncoding = 4; lastKnownFileType = sourcecode.c.h; path = LVUser.h; sourceTree = "<group>"; };
		E77420F41C8E9A75007E1F19 /* LVUser.m */ = {isa = PBXFileReference; fileEncoding = 4; lastKnownFileType = sourcecode.c.objc; path = LVUser.m; sourceTree = "<group>"; };
		E79BE6BC1C8EEABD009B9ABC /* LVFooter.h */ = {isa = PBXFileReference; fileEncoding = 4; lastKnownFileType = sourcecode.c.h; path = LVFooter.h; sourceTree = "<group>"; };
		E79BE6BD1C8EEABD009B9ABC /* LVFooter.m */ = {isa = PBXFileReference; fileEncoding = 4; lastKnownFileType = sourcecode.c.objc; path = LVFooter.m; sourceTree = "<group>"; };
		E79BE6BF1C8EEB03009B9ABC /* LVFooter.xib */ = {isa = PBXFileReference; fileEncoding = 4; lastKnownFileType = file.xib; path = LVFooter.xib; sourceTree = "<group>"; };
		E79BE6C11C8FEA12009B9ABC /* LVStatusCell.h */ = {isa = PBXFileReference; fileEncoding = 4; lastKnownFileType = sourcecode.c.h; path = LVStatusCell.h; sourceTree = "<group>"; };
		E79BE6C21C8FEA12009B9ABC /* LVStatusCell.m */ = {isa = PBXFileReference; fileEncoding = 4; lastKnownFileType = sourcecode.c.objc; path = LVStatusCell.m; sourceTree = "<group>"; };
		E79BE6C41C8FF757009B9ABC /* LVStatusFrame.h */ = {isa = PBXFileReference; fileEncoding = 4; lastKnownFileType = sourcecode.c.h; path = LVStatusFrame.h; sourceTree = "<group>"; };
		E79BE6C51C8FF757009B9ABC /* LVStatusFrame.m */ = {isa = PBXFileReference; fileEncoding = 4; lastKnownFileType = sourcecode.c.objc; path = LVStatusFrame.m; sourceTree = "<group>"; };
		E7F0BDDF1C93FD6D00AB2C1E /* LVStatusToolBar.h */ = {isa = PBXFileReference; fileEncoding = 4; lastKnownFileType = sourcecode.c.h; path = LVStatusToolBar.h; sourceTree = "<group>"; };
		E7F0BDE01C93FD6D00AB2C1E /* LVStatusToolBar.m */ = {isa = PBXFileReference; fileEncoding = 4; lastKnownFileType = sourcecode.c.objc; path = LVStatusToolBar.m; sourceTree = "<group>"; };
		E7FE748C1C89BF4900C37BF2 /* Assets.xcassets */ = {isa = PBXFileReference; lastKnownFileType = folder.assetcatalog; path = Assets.xcassets; sourceTree = "<group>"; };
		EA6DB9011A5D7E2DF181C1E5 /* libPods.a */ = {isa = PBXFileReference; explicitFileType = archive.ar; includeInIndex = 0; path = libPods.a; sourceTree = BUILT_PRODUCTS_DIR; };
/* End PBXFileReference section */

/* Begin PBXFrameworksBuildPhase section */
		E76371F91C8546970005C143 /* Frameworks */ = {
			isa = PBXFrameworksBuildPhase;
			buildActionMask = 2147483647;
			files = (
				EDECFDE0549BDB0626C7A8E4 /* libPods.a in Frameworks */,
			);
			runOnlyForDeploymentPostprocessing = 0;
		};
		E76372121C8546970005C143 /* Frameworks */ = {
			isa = PBXFrameworksBuildPhase;
			buildActionMask = 2147483647;
			files = (
			);
			runOnlyForDeploymentPostprocessing = 0;
		};
		E763721D1C8546970005C143 /* Frameworks */ = {
			isa = PBXFrameworksBuildPhase;
			buildActionMask = 2147483647;
			files = (
			);
			runOnlyForDeploymentPostprocessing = 0;
		};
/* End PBXFrameworksBuildPhase section */

/* Begin PBXGroup section */
		C7992F10875ACB1E49CAB39D /* Pods */ = {
			isa = PBXGroup;
			children = (
				9A249DC7C470F9B89E557623 /* Pods.debug.xcconfig */,
				3B6F8F4DBD284B6A4F092F52 /* Pods.release.xcconfig */,
			);
			name = Pods;
			sourceTree = "<group>";
		};
		E76371F31C8546970005C143 = {
			isa = PBXGroup;
			children = (
				E76371FE1C8546970005C143 /* weibo -OC */,
				E76372181C8546970005C143 /* weibo -OCTests */,
				E76372231C8546970005C143 /* weibo -OCUITests */,
				E76371FD1C8546970005C143 /* Products */,
				C7992F10875ACB1E49CAB39D /* Pods */,
				ECB202AB574A6A0D91AEE42B /* Frameworks */,
			);
			sourceTree = "<group>";
		};
		E76371FD1C8546970005C143 /* Products */ = {
			isa = PBXGroup;
			children = (
				E76371FC1C8546970005C143 /* weibo -OC.app */,
				E76372151C8546970005C143 /* weibo -OCTests.xctest */,
				E76372201C8546970005C143 /* weibo -OCUITests.xctest */,
			);
			name = Products;
			sourceTree = "<group>";
		};
		E76371FE1C8546970005C143 /* weibo -OC */ = {
			isa = PBXGroup;
			children = (
				E77420ED1C8E984C007E1F19 /* AppDelegate.h */,
				E77420EE1C8E984C007E1F19 /* AppDelegate.m */,
				E774207C1C8E9805007E1F19 /* Classes */,
				E76372101C8546970005C143 /* Info.plist */,
				E7FE748C1C89BF4900C37BF2 /* Assets.xcassets */,
				E76371FF1C8546970005C143 /* Supporting Files */,
			);
			path = "weibo -OC";
			sourceTree = "<group>";
		};
		E76371FF1C8546970005C143 /* Supporting Files */ = {
			isa = PBXGroup;
			children = (
			);
			name = "Supporting Files";
			sourceTree = "<group>";
		};
		E76372181C8546970005C143 /* weibo -OCTests */ = {
			isa = PBXGroup;
			children = (
				E76372191C8546970005C143 /* weibo__OCTests.m */,
				E763721B1C8546970005C143 /* Info.plist */,
			);
			path = "weibo -OCTests";
			sourceTree = "<group>";
		};
		E76372231C8546970005C143 /* weibo -OCUITests */ = {
			isa = PBXGroup;
			children = (
				E76372241C8546970005C143 /* weibo__OCUITests.m */,
				E76372261C8546970005C143 /* Info.plist */,
			);
			path = "weibo -OCUITests";
			sourceTree = "<group>";
		};
		E774207C1C8E9805007E1F19 /* Classes */ = {
			isa = PBXGroup;
			children = (
				E774207D1C8E9805007E1F19 /* Discovery(发现) */,
				E77420831C8E9805007E1F19 /* Home(首页) */,
				E774208D1C8E9805007E1F19 /* Main */,
				E774209D1C8E9805007E1F19 /* Me(我) */,
				E77420A31C8E9805007E1F19 /* Message(消息) */,
				E77420A91C8E9805007E1F19 /* NewFeature(新特性) */,
				E77420AF1C8E9805007E1F19 /* OAuth授权 */,
				E77420BA1C8E9805007E1F19 /* Other */,
				E77420CE1C8E9805007E1F19 /* 临时 */,
			);
			path = Classes;
			sourceTree = "<group>";
		};
		E774207D1C8E9805007E1F19 /* Discovery(发现) */ = {
			isa = PBXGroup;
			children = (
				E774207E1C8E9805007E1F19 /* Controller */,
				E77420811C8E9805007E1F19 /* Model */,
				E77420821C8E9805007E1F19 /* View */,
			);
			path = "Discovery(发现)";
			sourceTree = "<group>";
		};
		E774207E1C8E9805007E1F19 /* Controller */ = {
			isa = PBXGroup;
			children = (
				E774207F1C8E9805007E1F19 /* LVDiscoverViewController.h */,
				E77420801C8E9805007E1F19 /* LVDiscoverViewController.m */,
			);
			path = Controller;
			sourceTree = "<group>";
		};
		E77420811C8E9805007E1F19 /* Model */ = {
			isa = PBXGroup;
			children = (
			);
			path = Model;
			sourceTree = "<group>";
		};
		E77420821C8E9805007E1F19 /* View */ = {
			isa = PBXGroup;
			children = (
			);
			path = View;
			sourceTree = "<group>";
		};
		E77420831C8E9805007E1F19 /* Home(首页) */ = {
			isa = PBXGroup;
			children = (
				E77420841C8E9805007E1F19 /* Controller */,
				E77420891C8E9805007E1F19 /* Model */,
				E774208A1C8E9805007E1F19 /* View */,
			);
			path = "Home(首页)";
			sourceTree = "<group>";
		};
		E77420841C8E9805007E1F19 /* Controller */ = {
			isa = PBXGroup;
			children = (
				E77420851C8E9805007E1F19 /* LVHomeViewController.h */,
				E77420861C8E9805007E1F19 /* LVHomeViewController.m */,
				E77420871C8E9805007E1F19 /* LVTitleMenuViewController.h */,
				E77420881C8E9805007E1F19 /* LVTitleMenuViewController.m */,
			);
			path = Controller;
			sourceTree = "<group>";
		};
		E77420891C8E9805007E1F19 /* Model */ = {
			isa = PBXGroup;
			children = (
				E77420F01C8E989D007E1F19 /* LVStatus.h */,
				E77420F11C8E989D007E1F19 /* LVStatus.m */,
				E77420F31C8E9A75007E1F19 /* LVUser.h */,
				E77420F41C8E9A75007E1F19 /* LVUser.m */,
				E79BE6C41C8FF757009B9ABC /* LVStatusFrame.h */,
				E79BE6C51C8FF757009B9ABC /* LVStatusFrame.m */,
				E75CF31B1C904091006B8B23 /* LVPhoto.h */,
				E75CF31C1C904091006B8B23 /* LVPhoto.m */,
			);
			path = Model;
			sourceTree = "<group>";
		};
		E774208A1C8E9805007E1F19 /* View */ = {
			isa = PBXGroup;
			children = (
				E774208B1C8E9805007E1F19 /* LVTitleButton.h */,
				E774208C1C8E9805007E1F19 /* LVTitleButton.m */,
				E79BE6BC1C8EEABD009B9ABC /* LVFooter.h */,
				E79BE6BD1C8EEABD009B9ABC /* LVFooter.m */,
				E79BE6BF1C8EEB03009B9ABC /* LVFooter.xib */,
				E79BE6C11C8FEA12009B9ABC /* LVStatusCell.h */,
				E79BE6C21C8FEA12009B9ABC /* LVStatusCell.m */,
				E7F0BDDF1C93FD6D00AB2C1E /* LVStatusToolBar.h */,
				E7F0BDE01C93FD6D00AB2C1E /* LVStatusToolBar.m */,
			);
			path = View;
			sourceTree = "<group>";
		};
		E774208D1C8E9805007E1F19 /* Main */ = {
			isa = PBXGroup;
			children = (
				E77420901C8E9805007E1F19 /* Controller */,
				E77420951C8E9805007E1F19 /* Model */,
				E77420961C8E9805007E1F19 /* View */,
			);
			path = Main;
			sourceTree = "<group>";
		};
		E77420901C8E9805007E1F19 /* Controller */ = {
			isa = PBXGroup;
			children = (
				E77420911C8E9805007E1F19 /* LVTabBarController.h */,
				E77420921C8E9805007E1F19 /* LVTabBarController.m */,
				E77420931C8E9805007E1F19 /* LVVNavgationController.h */,
				E77420941C8E9805007E1F19 /* LVVNavgationController.m */,
			);
			path = Controller;
			sourceTree = "<group>";
		};
		E77420951C8E9805007E1F19 /* Model */ = {
			isa = PBXGroup;
			children = (
			);
			path = Model;
			sourceTree = "<group>";
		};
		E77420961C8E9805007E1F19 /* View */ = {
			isa = PBXGroup;
			children = (
				E77420971C8E9805007E1F19 /* LVDropdownMenu.h */,
				E77420981C8E9805007E1F19 /* LVDropdownMenu.m */,
				E77420991C8E9805007E1F19 /* LVSearchBar.h */,
				E774209A1C8E9805007E1F19 /* LVSearchBar.m */,
				E774209B1C8E9805007E1F19 /* LVTabBar.h */,
				E774209C1C8E9805007E1F19 /* LVTabBar.m */,
			);
			path = View;
			sourceTree = "<group>";
		};
		E774209D1C8E9805007E1F19 /* Me(我) */ = {
			isa = PBXGroup;
			children = (
				E774209E1C8E9805007E1F19 /* Controller */,
				E77420A11C8E9805007E1F19 /* Model */,
				E77420A21C8E9805007E1F19 /* View */,
			);
			path = "Me(我)";
			sourceTree = "<group>";
		};
		E774209E1C8E9805007E1F19 /* Controller */ = {
			isa = PBXGroup;
			children = (
				E774209F1C8E9805007E1F19 /* LVMeViewController.h */,
				E77420A01C8E9805007E1F19 /* LVMeViewController.m */,
			);
			path = Controller;
			sourceTree = "<group>";
		};
		E77420A11C8E9805007E1F19 /* Model */ = {
			isa = PBXGroup;
			children = (
			);
			path = Model;
			sourceTree = "<group>";
		};
		E77420A21C8E9805007E1F19 /* View */ = {
			isa = PBXGroup;
			children = (
			);
			path = View;
			sourceTree = "<group>";
		};
		E77420A31C8E9805007E1F19 /* Message(消息) */ = {
			isa = PBXGroup;
			children = (
				E77420A41C8E9805007E1F19 /* Controller */,
				E77420A71C8E9805007E1F19 /* Model */,
				E77420A81C8E9805007E1F19 /* View */,
			);
			path = "Message(消息)";
			sourceTree = "<group>";
		};
		E77420A41C8E9805007E1F19 /* Controller */ = {
			isa = PBXGroup;
			children = (
				E77420A51C8E9805007E1F19 /* LVMessageViewController.h */,
				E77420A61C8E9805007E1F19 /* LVMessageViewController.m */,
			);
			path = Controller;
			sourceTree = "<group>";
		};
		E77420A71C8E9805007E1F19 /* Model */ = {
			isa = PBXGroup;
			children = (
			);
			path = Model;
			sourceTree = "<group>";
		};
		E77420A81C8E9805007E1F19 /* View */ = {
			isa = PBXGroup;
			children = (
			);
			path = View;
			sourceTree = "<group>";
		};
		E77420A91C8E9805007E1F19 /* NewFeature(新特性) */ = {
			isa = PBXGroup;
			children = (
				E77420AA1C8E9805007E1F19 /* Controller */,
				E77420AD1C8E9805007E1F19 /* Model */,
				E77420AE1C8E9805007E1F19 /* View */,
			);
			path = "NewFeature(新特性)";
			sourceTree = "<group>";
		};
		E77420AA1C8E9805007E1F19 /* Controller */ = {
			isa = PBXGroup;
			children = (
				E77420AB1C8E9805007E1F19 /* LVNewFeatureController.h */,
				E77420AC1C8E9805007E1F19 /* LVNewFeatureController.m */,
			);
			path = Controller;
			sourceTree = "<group>";
		};
		E77420AD1C8E9805007E1F19 /* Model */ = {
			isa = PBXGroup;
			children = (
			);
			path = Model;
			sourceTree = "<group>";
		};
		E77420AE1C8E9805007E1F19 /* View */ = {
			isa = PBXGroup;
			children = (
			);
			path = View;
			sourceTree = "<group>";
		};
		E77420AF1C8E9805007E1F19 /* OAuth授权 */ = {
			isa = PBXGroup;
			children = (
				E77420B01C8E9805007E1F19 /* Controller */,
				E77420B31C8E9805007E1F19 /* Model */,
				E77420B61C8E9805007E1F19 /* Tool */,
				E77420B91C8E9805007E1F19 /* View */,
			);
			path = "OAuth授权";
			sourceTree = "<group>";
		};
		E77420B01C8E9805007E1F19 /* Controller */ = {
			isa = PBXGroup;
			children = (
				E77420B11C8E9805007E1F19 /* LVOAuthController.h */,
				E77420B21C8E9805007E1F19 /* LVOAuthController.m */,
			);
			path = Controller;
			sourceTree = "<group>";
		};
		E77420B31C8E9805007E1F19 /* Model */ = {
			isa = PBXGroup;
			children = (
				E77420B41C8E9805007E1F19 /* LVAcount.h */,
				E77420B51C8E9805007E1F19 /* LVAcount.m */,
			);
			path = Model;
			sourceTree = "<group>";
		};
		E77420B61C8E9805007E1F19 /* Tool */ = {
			isa = PBXGroup;
			children = (
				E77420B71C8E9805007E1F19 /* LVAccountTool.h */,
				E77420B81C8E9805007E1F19 /* LVAccountTool.m */,
			);
			path = Tool;
			sourceTree = "<group>";
		};
		E77420B91C8E9805007E1F19 /* View */ = {
			isa = PBXGroup;
			children = (
			);
			path = View;
			sourceTree = "<group>";
		};
		E77420BA1C8E9805007E1F19 /* Other */ = {
			isa = PBXGroup;
			children = (
				E77420CD1C8E9805007E1F19 /* main.m */,
				E77420BB1C8E9805007E1F19 /* BSBDJ.pch */,
				E77420BC1C8E9805007E1F19 /* Categoty */,
			);
			path = Other;
			sourceTree = "<group>";
		};
		E77420BC1C8E9805007E1F19 /* Categoty */ = {
			isa = PBXGroup;
			children = (
				E77420BD1C8E9805007E1F19 /* UIBarButtonItem+item.h */,
				E77420BE1C8E9805007E1F19 /* UIBarButtonItem+item.m */,
				E77420BF1C8E9805007E1F19 /* UIButton+ImageTitleSpacing.h */,
				E77420C01C8E9805007E1F19 /* UIButton+ImageTitleSpacing.m */,
				E77420C11C8E9805007E1F19 /* UIImage+Antialias.h */,
				E77420C21C8E9805007E1F19 /* UIImage+Antialias.m */,
				E77420C31C8E9805007E1F19 /* UIImage+XMG.h */,
				E77420C41C8E9805007E1F19 /* UIImage+XMG.m */,
				E77420C51C8E9805007E1F19 /* UITextField+Placeholder.h */,
				E77420C61C8E9805007E1F19 /* UITextField+Placeholder.m */,
				E77420C71C8E9805007E1F19 /* UIView+Frame.h */,
				E77420C81C8E9805007E1F19 /* UIView+Frame.m */,
				E77420C91C8E9805007E1F19 /* UIView+xib.h */,
				E77420CA1C8E9805007E1F19 /* UIView+xib.m */,
				E77420CB1C8E9805007E1F19 /* UIWindow+Extension.h */,
				E77420CC1C8E9805007E1F19 /* UIWindow+Extension.m */,
				E773150F1C943A690048D762 /* NSDate+Extension.h */,
				E77315101C943A690048D762 /* NSDate+Extension.m */,
				E77315121C945E1A0048D762 /* NSString+Extension.h */,
				E77315131C945E1A0048D762 /* NSString+Extension.m */,
			);
			path = Categoty;
			sourceTree = "<group>";
		};
		E77420CE1C8E9805007E1F19 /* 临时 */ = {
			isa = PBXGroup;
			children = (
				E77420CF1C8E9805007E1F19 /* LVtest1ViewController.h */,
				E77420D01C8E9805007E1F19 /* LVtest1ViewController.m */,
				E77420D11C8E9805007E1F19 /* LVtest1ViewController.xib */,
			);
			path = "临时";
			sourceTree = "<group>";
		};
		ECB202AB574A6A0D91AEE42B /* Frameworks */ = {
			isa = PBXGroup;
			children = (
				EA6DB9011A5D7E2DF181C1E5 /* libPods.a */,
			);
			name = Frameworks;
			sourceTree = "<group>";
		};
/* End PBXGroup section */

/* Begin PBXNativeTarget section */
		E76371FB1C8546970005C143 /* weibo -OC */ = {
			isa = PBXNativeTarget;
			buildConfigurationList = E76372291C8546970005C143 /* Build configuration list for PBXNativeTarget "weibo -OC" */;
			buildPhases = (
				1E48652E2ECA645317D76A05 /* Check Pods Manifest.lock */,
				E76371F81C8546970005C143 /* Sources */,
				E76371F91C8546970005C143 /* Frameworks */,
				E76371FA1C8546970005C143 /* Resources */,
				05BB9ED414DB96663E6F9EE1 /* Embed Pods Frameworks */,
				0C29C933BE6E6818B8B0E2E0 /* Copy Pods Resources */,
			);
			buildRules = (
			);
			dependencies = (
			);
			name = "weibo -OC";
			productName = "weibo -OC";
			productReference = E76371FC1C8546970005C143 /* weibo -OC.app */;
			productType = "com.apple.product-type.application";
		};
		E76372141C8546970005C143 /* weibo -OCTests */ = {
			isa = PBXNativeTarget;
			buildConfigurationList = E763722C1C8546970005C143 /* Build configuration list for PBXNativeTarget "weibo -OCTests" */;
			buildPhases = (
				E76372111C8546970005C143 /* Sources */,
				E76372121C8546970005C143 /* Frameworks */,
				E76372131C8546970005C143 /* Resources */,
			);
			buildRules = (
			);
			dependencies = (
				E76372171C8546970005C143 /* PBXTargetDependency */,
			);
			name = "weibo -OCTests";
			productName = "weibo -OCTests";
			productReference = E76372151C8546970005C143 /* weibo -OCTests.xctest */;
			productType = "com.apple.product-type.bundle.unit-test";
		};
		E763721F1C8546970005C143 /* weibo -OCUITests */ = {
			isa = PBXNativeTarget;
			buildConfigurationList = E763722F1C8546970005C143 /* Build configuration list for PBXNativeTarget "weibo -OCUITests" */;
			buildPhases = (
				E763721C1C8546970005C143 /* Sources */,
				E763721D1C8546970005C143 /* Frameworks */,
				E763721E1C8546970005C143 /* Resources */,
			);
			buildRules = (
			);
			dependencies = (
				E76372221C8546970005C143 /* PBXTargetDependency */,
			);
			name = "weibo -OCUITests";
			productName = "weibo -OCUITests";
			productReference = E76372201C8546970005C143 /* weibo -OCUITests.xctest */;
			productType = "com.apple.product-type.bundle.ui-testing";
		};
/* End PBXNativeTarget section */

/* Begin PBXProject section */
		E76371F41C8546970005C143 /* Project object */ = {
			isa = PBXProject;
			attributes = {
				CLASSPREFIX = LV;
				LastUpgradeCheck = 0720;
				ORGANIZATIONNAME = lvdesheng;
				TargetAttributes = {
					E76371FB1C8546970005C143 = {
						CreatedOnToolsVersion = 7.2;
						DevelopmentTeam = 4GWGAJ65GS;
					};
					E76372141C8546970005C143 = {
						CreatedOnToolsVersion = 7.2;
						DevelopmentTeam = 4GWGAJ65GS;
						TestTargetID = E76371FB1C8546970005C143;
					};
					E763721F1C8546970005C143 = {
						CreatedOnToolsVersion = 7.2;
						DevelopmentTeam = 4GWGAJ65GS;
						TestTargetID = E76371FB1C8546970005C143;
					};
				};
			};
			buildConfigurationList = E76371F71C8546970005C143 /* Build configuration list for PBXProject "weibo -OC" */;
			compatibilityVersion = "Xcode 3.2";
			developmentRegion = English;
			hasScannedForEncodings = 0;
			knownRegions = (
				en,
				Base,
			);
			mainGroup = E76371F31C8546970005C143;
			productRefGroup = E76371FD1C8546970005C143 /* Products */;
			projectDirPath = "";
			projectRoot = "";
			targets = (
				E76371FB1C8546970005C143 /* weibo -OC */,
				E76372141C8546970005C143 /* weibo -OCTests */,
				E763721F1C8546970005C143 /* weibo -OCUITests */,
			);
		};
/* End PBXProject section */

/* Begin PBXResourcesBuildPhase section */
		E76371FA1C8546970005C143 /* Resources */ = {
			isa = PBXResourcesBuildPhase;
			buildActionMask = 2147483647;
			files = (
				E77420EC1C8E9805007E1F19 /* LVtest1ViewController.xib in Resources */,
				E7FE748D1C89BF4900C37BF2 /* Assets.xcassets in Resources */,
				E79BE6C01C8EEB03009B9ABC /* LVFooter.xib in Resources */,
			);
			runOnlyForDeploymentPostprocessing = 0;
		};
		E76372131C8546970005C143 /* Resources */ = {
			isa = PBXResourcesBuildPhase;
			buildActionMask = 2147483647;
			files = (
			);
			runOnlyForDeploymentPostprocessing = 0;
		};
		E763721E1C8546970005C143 /* Resources */ = {
			isa = PBXResourcesBuildPhase;
			buildActionMask = 2147483647;
			files = (
			);
			runOnlyForDeploymentPostprocessing = 0;
		};
/* End PBXResourcesBuildPhase section */

/* Begin PBXShellScriptBuildPhase section */
		05BB9ED414DB96663E6F9EE1 /* Embed Pods Frameworks */ = {
			isa = PBXShellScriptBuildPhase;
			buildActionMask = 2147483647;
			files = (
			);
			inputPaths = (
			);
			name = "Embed Pods Frameworks";
			outputPaths = (
			);
			runOnlyForDeploymentPostprocessing = 0;
			shellPath = /bin/sh;
			shellScript = "\"${SRCROOT}/Pods/Target Support Files/Pods/Pods-frameworks.sh\"\n";
			showEnvVarsInLog = 0;
		};
		0C29C933BE6E6818B8B0E2E0 /* Copy Pods Resources */ = {
			isa = PBXShellScriptBuildPhase;
			buildActionMask = 2147483647;
			files = (
			);
			inputPaths = (
			);
			name = "Copy Pods Resources";
			outputPaths = (
			);
			runOnlyForDeploymentPostprocessing = 0;
			shellPath = /bin/sh;
			shellScript = "\"${SRCROOT}/Pods/Target Support Files/Pods/Pods-resources.sh\"\n";
			showEnvVarsInLog = 0;
		};
		1E48652E2ECA645317D76A05 /* Check Pods Manifest.lock */ = {
			isa = PBXShellScriptBuildPhase;
			buildActionMask = 2147483647;
			files = (
			);
			inputPaths = (
			);
			name = "Check Pods Manifest.lock";
			outputPaths = (
			);
			runOnlyForDeploymentPostprocessing = 0;
			shellPath = /bin/sh;
			shellScript = "diff \"${PODS_ROOT}/../Podfile.lock\" \"${PODS_ROOT}/Manifest.lock\" > /dev/null\nif [[ $? != 0 ]] ; then\n    cat << EOM\nerror: The sandbox is not in sync with the Podfile.lock. Run 'pod install' or update your CocoaPods installation.\nEOM\n    exit 1\nfi\n";
			showEnvVarsInLog = 0;
		};
/* End PBXShellScriptBuildPhase section */

/* Begin PBXSourcesBuildPhase section */
		E76371F81C8546970005C143 /* Sources */ = {
			isa = PBXSourcesBuildPhase;
			buildActionMask = 2147483647;
			files = (
				E77420F51C8E9A75007E1F19 /* LVUser.m in Sources */,
				E77420DE1C8E9805007E1F19 /* LVNewFeatureController.m in Sources */,
				E77420D21C8E9805007E1F19 /* LVDiscoverViewController.m in Sources */,
				E79BE6BE1C8EEABD009B9ABC /* LVFooter.m in Sources */,
				E77420EB1C8E9805007E1F19 /* LVtest1ViewController.m in Sources */,
				E77420DB1C8E9805007E1F19 /* LVTabBar.m in Sources */,
				E77420DD1C8E9805007E1F19 /* LVMessageViewController.m in Sources */,
				E77420D81C8E9805007E1F19 /* LVVNavgationController.m in Sources */,
				E77420D31C8E9805007E1F19 /* LVHomeViewController.m in Sources */,
				E77420E21C8E9805007E1F19 /* UIBarButtonItem+item.m in Sources */,
				E77315111C943A690048D762 /* NSDate+Extension.m in Sources */,
				E77420DA1C8E9805007E1F19 /* LVSearchBar.m in Sources */,
				E77420E31C8E9805007E1F19 /* UIButton+ImageTitleSpacing.m in Sources */,
				E77420E11C8E9805007E1F19 /* LVAccountTool.m in Sources */,
				E77420E71C8E9805007E1F19 /* UIView+Frame.m in Sources */,
				E77420E01C8E9805007E1F19 /* LVAcount.m in Sources */,
				E77420DF1C8E9805007E1F19 /* LVOAuthController.m in Sources */,
				E75CF31D1C904091006B8B23 /* LVPhoto.m in Sources */,
				E77420E91C8E9805007E1F19 /* UIWindow+Extension.m in Sources */,
				E77420E61C8E9805007E1F19 /* UITextField+Placeholder.m in Sources */,
				E77315141C945E1A0048D762 /* NSString+Extension.m in Sources */,
				E77420EA1C8E9805007E1F19 /* main.m in Sources */,
				E79BE6C31C8FEA12009B9ABC /* LVStatusCell.m in Sources */,
				E7F0BDE11C93FD6D00AB2C1E /* LVStatusToolBar.m in Sources */,
				E77420E51C8E9805007E1F19 /* UIImage+XMG.m in Sources */,
				E77420D51C8E9805007E1F19 /* LVTitleButton.m in Sources */,
				E79BE6C61C8FF757009B9ABC /* LVStatusFrame.m in Sources */,
				E77420DC1C8E9805007E1F19 /* LVMeViewController.m in Sources */,
				E77420EF1C8E984C007E1F19 /* AppDelegate.m in Sources */,
				E77420E41C8E9805007E1F19 /* UIImage+Antialias.m in Sources */,
				E77420F21C8E989D007E1F19 /* LVStatus.m in Sources */,
				E77420D71C8E9805007E1F19 /* LVTabBarController.m in Sources */,
				E77420D41C8E9805007E1F19 /* LVTitleMenuViewController.m in Sources */,
				E77420E81C8E9805007E1F19 /* UIView+xib.m in Sources */,
				E77420D91C8E9805007E1F19 /* LVDropdownMenu.m in Sources */,
			);
			runOnlyForDeploymentPostprocessing = 0;
		};
		E76372111C8546970005C143 /* Sources */ = {
			isa = PBXSourcesBuildPhase;
			buildActionMask = 2147483647;
			files = (
				E763721A1C8546970005C143 /* weibo__OCTests.m in Sources */,
			);
			runOnlyForDeploymentPostprocessing = 0;
		};
		E763721C1C8546970005C143 /* Sources */ = {
			isa = PBXSourcesBuildPhase;
			buildActionMask = 2147483647;
			files = (
				E76372251C8546970005C143 /* weibo__OCUITests.m in Sources */,
			);
			runOnlyForDeploymentPostprocessing = 0;
		};
/* End PBXSourcesBuildPhase section */

/* Begin PBXTargetDependency section */
		E76372171C8546970005C143 /* PBXTargetDependency */ = {
			isa = PBXTargetDependency;
			target = E76371FB1C8546970005C143 /* weibo -OC */;
			targetProxy = E76372161C8546970005C143 /* PBXContainerItemProxy */;
		};
		E76372221C8546970005C143 /* PBXTargetDependency */ = {
			isa = PBXTargetDependency;
			target = E76371FB1C8546970005C143 /* weibo -OC */;
			targetProxy = E76372211C8546970005C143 /* PBXContainerItemProxy */;
		};
/* End PBXTargetDependency section */

/* Begin XCBuildConfiguration section */
		E76372271C8546970005C143 /* Debug */ = {
			isa = XCBuildConfiguration;
			buildSettings = {
				ALWAYS_SEARCH_USER_PATHS = NO;
				CLANG_CXX_LANGUAGE_STANDARD = "gnu++0x";
				CLANG_CXX_LIBRARY = "libc++";
				CLANG_ENABLE_MODULES = YES;
				CLANG_ENABLE_OBJC_ARC = YES;
				CLANG_WARN_BOOL_CONVERSION = YES;
				CLANG_WARN_CONSTANT_CONVERSION = YES;
				CLANG_WARN_DIRECT_OBJC_ISA_USAGE = YES_ERROR;
				CLANG_WARN_EMPTY_BODY = YES;
				CLANG_WARN_ENUM_CONVERSION = YES;
				CLANG_WARN_INT_CONVERSION = YES;
				CLANG_WARN_OBJC_ROOT_CLASS = YES_ERROR;
				CLANG_WARN_UNREACHABLE_CODE = YES;
				CLANG_WARN__DUPLICATE_METHOD_MATCH = YES;
				"CODE_SIGN_IDENTITY[sdk=iphoneos*]" = "iPhone Developer";
				COPY_PHASE_STRIP = NO;
				DEBUG_INFORMATION_FORMAT = dwarf;
				ENABLE_STRICT_OBJC_MSGSEND = YES;
				ENABLE_TESTABILITY = YES;
				GCC_C_LANGUAGE_STANDARD = gnu99;
				GCC_DYNAMIC_NO_PIC = NO;
				GCC_NO_COMMON_BLOCKS = YES;
				GCC_OPTIMIZATION_LEVEL = 0;
				GCC_PREPROCESSOR_DEFINITIONS = (
					"DEBUG=1",
					"$(inherited)",
				);
				GCC_WARN_64_TO_32_BIT_CONVERSION = YES;
				GCC_WARN_ABOUT_RETURN_TYPE = YES_ERROR;
				GCC_WARN_UNDECLARED_SELECTOR = YES;
				GCC_WARN_UNINITIALIZED_AUTOS = YES_AGGRESSIVE;
				GCC_WARN_UNUSED_FUNCTION = YES;
				GCC_WARN_UNUSED_VARIABLE = YES;
				IPHONEOS_DEPLOYMENT_TARGET = 9.2;
				MTL_ENABLE_DEBUG_INFO = YES;
				ONLY_ACTIVE_ARCH = YES;
				SDKROOT = iphoneos;
			};
			name = Debug;
		};
		E76372281C8546970005C143 /* Release */ = {
			isa = XCBuildConfiguration;
			buildSettings = {
				ALWAYS_SEARCH_USER_PATHS = NO;
				CLANG_CXX_LANGUAGE_STANDARD = "gnu++0x";
				CLANG_CXX_LIBRARY = "libc++";
				CLANG_ENABLE_MODULES = YES;
				CLANG_ENABLE_OBJC_ARC = YES;
				CLANG_WARN_BOOL_CONVERSION = YES;
				CLANG_WARN_CONSTANT_CONVERSION = YES;
				CLANG_WARN_DIRECT_OBJC_ISA_USAGE = YES_ERROR;
				CLANG_WARN_EMPTY_BODY = YES;
				CLANG_WARN_ENUM_CONVERSION = YES;
				CLANG_WARN_INT_CONVERSION = YES;
				CLANG_WARN_OBJC_ROOT_CLASS = YES_ERROR;
				CLANG_WARN_UNREACHABLE_CODE = YES;
				CLANG_WARN__DUPLICATE_METHOD_MATCH = YES;
				"CODE_SIGN_IDENTITY[sdk=iphoneos*]" = "iPhone Developer";
				COPY_PHASE_STRIP = NO;
				DEBUG_INFORMATION_FORMAT = "dwarf-with-dsym";
				ENABLE_NS_ASSERTIONS = NO;
				ENABLE_STRICT_OBJC_MSGSEND = YES;
				GCC_C_LANGUAGE_STANDARD = gnu99;
				GCC_NO_COMMON_BLOCKS = YES;
				GCC_WARN_64_TO_32_BIT_CONVERSION = YES;
				GCC_WARN_ABOUT_RETURN_TYPE = YES_ERROR;
				GCC_WARN_UNDECLARED_SELECTOR = YES;
				GCC_WARN_UNINITIALIZED_AUTOS = YES_AGGRESSIVE;
				GCC_WARN_UNUSED_FUNCTION = YES;
				GCC_WARN_UNUSED_VARIABLE = YES;
				IPHONEOS_DEPLOYMENT_TARGET = 9.2;
				MTL_ENABLE_DEBUG_INFO = NO;
				SDKROOT = iphoneos;
				VALIDATE_PRODUCT = YES;
			};
			name = Release;
		};
		E763722A1C8546970005C143 /* Debug */ = {
			isa = XCBuildConfiguration;
			baseConfigurationReference = 9A249DC7C470F9B89E557623 /* Pods.debug.xcconfig */;
			buildSettings = {
				ASSETCATALOG_COMPILER_APPICON_NAME = AppIcon;
				GCC_INCREASE_PRECOMPILED_HEADER_SHARING = NO;
				GCC_PRECOMPILE_PREFIX_HEADER = YES;
				GCC_PREFIX_HEADER = "weibo -OC/Classes/Other/BSBDJ.pch";
				INFOPLIST_FILE = "weibo -OC/Info.plist";
				IPHONEOS_DEPLOYMENT_TARGET = 7.0;
				LD_RUNPATH_SEARCH_PATHS = "$(inherited) @executable_path/Frameworks";
				PRODUCT_BUNDLE_IDENTIFIER = "com.xiaomage.weibo--OC";
				PRODUCT_NAME = "$(TARGET_NAME)";
			};
			name = Debug;
		};
		E763722B1C8546970005C143 /* Release */ = {
			isa = XCBuildConfiguration;
			baseConfigurationReference = 3B6F8F4DBD284B6A4F092F52 /* Pods.release.xcconfig */;
			buildSettings = {
				ASSETCATALOG_COMPILER_APPICON_NAME = AppIcon;
				GCC_INCREASE_PRECOMPILED_HEADER_SHARING = NO;
				GCC_PRECOMPILE_PREFIX_HEADER = YES;
				GCC_PREFIX_HEADER = "weibo -OC/Classes/Other/BSBDJ.pch";
				INFOPLIST_FILE = "weibo -OC/Info.plist";
				IPHONEOS_DEPLOYMENT_TARGET = 7.0;
				LD_RUNPATH_SEARCH_PATHS = "$(inherited) @executable_path/Frameworks";
				PRODUCT_BUNDLE_IDENTIFIER = "com.xiaomage.weibo--OC";
				PRODUCT_NAME = "$(TARGET_NAME)";
			};
			name = Release;
		};
		E763722D1C8546970005C143 /* Debug */ = {
			isa = XCBuildConfiguration;
			buildSettings = {
				BUNDLE_LOADER = "$(TEST_HOST)";
				INFOPLIST_FILE = "weibo -OCTests/Info.plist";
				LD_RUNPATH_SEARCH_PATHS = "$(inherited) @executable_path/Frameworks @loader_path/Frameworks";
				PRODUCT_BUNDLE_IDENTIFIER = "com.xiaomage.weibo--OCTests";
				PRODUCT_NAME = "$(TARGET_NAME)";
				TEST_HOST = "$(BUILT_PRODUCTS_DIR)/weibo -OC.app/weibo -OC";
			};
			name = Debug;
		};
		E763722E1C8546970005C143 /* Release */ = {
			isa = XCBuildConfiguration;
			buildSettings = {
				BUNDLE_LOADER = "$(TEST_HOST)";
				INFOPLIST_FILE = "weibo -OCTests/Info.plist";
				LD_RUNPATH_SEARCH_PATHS = "$(inherited) @executable_path/Frameworks @loader_path/Frameworks";
				PRODUCT_BUNDLE_IDENTIFIER = "com.xiaomage.weibo--OCTests";
				PRODUCT_NAME = "$(TARGET_NAME)";
				TEST_HOST = "$(BUILT_PRODUCTS_DIR)/weibo -OC.app/weibo -OC";
			};
			name = Release;
		};
		E76372301C8546970005C143 /* Debug */ = {
			isa = XCBuildConfiguration;
			buildSettings = {
				INFOPLIST_FILE = "weibo -OCUITests/Info.plist";
				LD_RUNPATH_SEARCH_PATHS = "$(inherited) @executable_path/Frameworks @loader_path/Frameworks";
				PRODUCT_BUNDLE_IDENTIFIER = "com.xiaomage.weibo--OCUITests";
				PRODUCT_NAME = "$(TARGET_NAME)";
				TEST_TARGET_NAME = "weibo -OC";
				USES_XCTRUNNER = YES;
			};
			name = Debug;
		};
		E76372311C8546970005C143 /* Release */ = {
			isa = XCBuildConfiguration;
			buildSettings = {
				INFOPLIST_FILE = "weibo -OCUITests/Info.plist";
				LD_RUNPATH_SEARCH_PATHS = "$(inherited) @executable_path/Frameworks @loader_path/Frameworks";
				PRODUCT_BUNDLE_IDENTIFIER = "com.xiaomage.weibo--OCUITests";
				PRODUCT_NAME = "$(TARGET_NAME)";
				TEST_TARGET_NAME = "weibo -OC";
				USES_XCTRUNNER = YES;
			};
			name = Release;
		};
/* End XCBuildConfiguration section */

/* Begin XCConfigurationList section */
		E76371F71C8546970005C143 /* Build configuration list for PBXProject "weibo -OC" */ = {
			isa = XCConfigurationList;
			buildConfigurations = (
				E76372271C8546970005C143 /* Debug */,
				E76372281C8546970005C143 /* Release */,
			);
			defaultConfigurationIsVisible = 0;
			defaultConfigurationName = Release;
		};
		E76372291C8546970005C143 /* Build configuration list for PBXNativeTarget "weibo -OC" */ = {
			isa = XCConfigurationList;
			buildConfigurations = (
				E763722A1C8546970005C143 /* Debug */,
				E763722B1C8546970005C143 /* Release */,
			);
			defaultConfigurationIsVisible = 0;
			defaultConfigurationName = Release;
		};
		E763722C1C8546970005C143 /* Build configuration list for PBXNativeTarget "weibo -OCTests" */ = {
			isa = XCConfigurationList;
			buildConfigurations = (
				E763722D1C8546970005C143 /* Debug */,
				E763722E1C8546970005C143 /* Release */,
			);
			defaultConfigurationIsVisible = 0;
			defaultConfigurationName = Release;
		};
		E763722F1C8546970005C143 /* Build configuration list for PBXNativeTarget "weibo -OCUITests" */ = {
			isa = XCConfigurationList;
			buildConfigurations = (
				E76372301C8546970005C143 /* Debug */,
				E76372311C8546970005C143 /* Release */,
			);
			defaultConfigurationIsVisible = 0;
			defaultConfigurationName = Release;
		};
/* End XCConfigurationList section */
	};
	rootObject = E76371F41C8546970005C143 /* Project object */;
}
